
Microsoft Visual Studio Solution File, Format Version 12.00
# Visual Studio 15
VisualStudioVersion = 15.0.28307.1267
MinimumVisualStudioVersion = 10.0.40219.1
Project("{FAE04EC0-301F-11D3-BF4B-00C04F79EFBC}") = "XContactBook", "XContactBook\XContactBook.csproj", "{F6CB9B67-B7DB-4438-BE46-2189B29137EF}"
EndProject
Global
	GlobalSection(SolutionConfigurationPlatforms) = preSolution
		Debug|Any CPU = Debug|Any CPU
		Release|Any CPU = Release|Any CPU
	EndGlobalSection
	GlobalSection(ProjectConfigurationPlatforms) = postSolution
		{F6CB9B67-B7DB-4438-BE46-2189B29137EF}.Debug|Any CPU.ActiveCfg = Debug|Any CPU
		{F6CB9B67-B7DB-4438-BE46-2189B29137EF}.Debug|Any CPU.Build.0 = Debug|Any CPU
		{F6CB9B67-B7DB-4438-BE46-2189B29137EF}.Debug|Any CPU.Deploy.0 = Debug|Any CPU
		{F6CB9B67-B7DB-4438-BE46-2189B29137EF}.Release|Any CPU.ActiveCfg = Release|Any CPU
		{F6CB9B67-B7DB-4438-BE46-2189B29137EF}.Release|Any CPU.Build.0 = Release|Any CPU
		{F6CB9B67-B7DB-4438-BE46-2189B29137EF}.Release|Any CPU.Deploy.0 = Release|Any CPU
	EndGlobalSection
	GlobalSection(SolutionProperties) = preSolution
		HideSolutionNode = FALSE
	EndGlobalSection
	GlobalSection(ExtensibilityGlobals) = postSolution
		SolutionGuid = {FD84BA69-F647-4418-B0C2-A9FD70BC7380}
	EndGlobalSection
EndGlobal
